
Microsoft Visual Studio Solution File, Format Version 12.00
# Visual Studio 15
Project("{FAE04EC0-301F-11D3-BF4B-00C04F79EFBC}") = "Assembly-CSharp", "Assembly-CSharp.csproj", "{B5E50093-36BC-0B69-EB41-753799DA812B}"
EndProject
Project("{FAE04EC0-301F-11D3-BF4B-00C04F79EFBC}") = "Assembly-CSharp-Editor", "Assembly-CSharp-Editor.csproj", "{C8848A84-0D24-E3DB-3EA0-660CC963754F}"
EndProject
Project("{FAE04EC0-301F-11D3-BF4B-00C04F79EFBC}") = "CFXRRuntime", "CFXRRuntime.csproj", "{763AD8A4-02EE-5C63-926C-737AA549AF5C}"
EndProject
Project("{FAE04EC0-301F-11D3-BF4B-00C04F79EFBC}") = "CFXRDemo", "CFXRDemo.csproj", "{D873B01B-9D14-022C-A42B-49B44B21E40E}"
EndProject
Project("{FAE04EC0-301F-11D3-BF4B-00C04F79EFBC}") = "CFXREditor", "CFXREditor.csproj", "{7ED7790F-D8C2-0A2C-DB3F-2922F314B798}"
EndProject
Project("{FAE04EC0-301F-11D3-BF4B-00C04F79EFBC}") = "KinoBloom.Runtime", "KinoBloom.Runtime.csproj", "{9BA892DE-19F2-D542-C3DF-0B482844884A}"
EndProject
Project("{FAE04EC0-301F-11D3-BF4B-00C04F79EFBC}") = "CFXR.WelcomeScreen", "CFXR.WelcomeScreen.csproj", "{125BD9C7-952B-2673-B552-45CFCFAE0D0C}"
EndProject
Project("{FAE04EC0-301F-11D3-BF4B-00C04F79EFBC}") = "ToonyColorsPro.Demo.Editor", "ToonyColorsPro.Demo.Editor.csproj", "{33952D75-BEA6-C2B4-A54C-45B6F0E92BF3}"
EndProject
Global
	GlobalSection(SolutionConfigurationPlatforms) = preSolution
		Debug|Any CPU = Debug|Any CPU
		Release|Any CPU = Release|Any CPU
	EndGlobalSection
	GlobalSection(ProjectConfigurationPlatforms) = postSolution
		{B5E50093-36BC-0B69-EB41-753799DA812B}.Debug|Any CPU.ActiveCfg = Debug|Any CPU
		{B5E50093-36BC-0B69-EB41-753799DA812B}.Debug|Any CPU.Build.0 = Debug|Any CPU
		{B5E50093-36BC-0B69-EB41-753799DA812B}.Release|Any CPU.ActiveCfg = Release|Any CPU
		{B5E50093-36BC-0B69-EB41-753799DA812B}.Release|Any CPU.Build.0 = Release|Any CPU
		{C8848A84-0D24-E3DB-3EA0-660CC963754F}.Debug|Any CPU.ActiveCfg = Debug|Any CPU
		{C8848A84-0D24-E3DB-3EA0-660CC963754F}.Debug|Any CPU.Build.0 = Debug|Any CPU
		{C8848A84-0D24-E3DB-3EA0-660CC963754F}.Release|Any CPU.ActiveCfg = Release|Any CPU
		{C8848A84-0D24-E3DB-3EA0-660CC963754F}.Release|Any CPU.Build.0 = Release|Any CPU
		{763AD8A4-02EE-5C63-926C-737AA549AF5C}.Debug|Any CPU.ActiveCfg = Debug|Any CPU
		{763AD8A4-02EE-5C63-926C-737AA549AF5C}.Debug|Any CPU.Build.0 = Debug|Any CPU
		{763AD8A4-02EE-5C63-926C-737AA549AF5C}.Release|Any CPU.ActiveCfg = Release|Any CPU
		{763AD8A4-02EE-5C63-926C-737AA549AF5C}.Release|Any CPU.Build.0 = Release|Any CPU
		{D873B01B-9D14-022C-A42B-49B44B21E40E}.Debug|Any CPU.ActiveCfg = Debug|Any CPU
		{D873B01B-9D14-022C-A42B-49B44B21E40E}.Debug|Any CPU.Build.0 = Debug|Any CPU
		{D873B01B-9D14-022C-A42B-49B44B21E40E}.Release|Any CPU.ActiveCfg = Release|Any CPU
		{D873B01B-9D14-022C-A42B-49B44B21E40E}.Release|Any CPU.Build.0 = Release|Any CPU
		{7ED7790F-D8C2-0A2C-DB3F-2922F314B798}.Debug|Any CPU.ActiveCfg = Debug|Any CPU
		{7ED7790F-D8C2-0A2C-DB3F-2922F314B798}.Debug|Any CPU.Build.0 = Debug|Any CPU
		{7ED7790F-D8C2-0A2C-DB3F-2922F314B798}.Release|Any CPU.ActiveCfg = Release|Any CPU
		{7ED7790F-D8C2-0A2C-DB3F-2922F314B798}.Release|Any CPU.Build.0 = Release|Any CPU
		{9BA892DE-19F2-D542-C3DF-0B482844884A}.Debug|Any CPU.ActiveCfg = Debug|Any CPU
		{9BA892DE-19F2-D542-C3DF-0B482844884A}.Debug|Any CPU.Build.0 = Debug|Any CPU
		{9BA892DE-19F2-D542-C3DF-0B482844884A}.Release|Any CPU.ActiveCfg = Release|Any CPU
		{9BA892DE-19F2-D542-C3DF-0B482844884A}.Release|Any CPU.Build.0 = Release|Any CPU
		{125BD9C7-952B-2673-B552-45CFCFAE0D0C}.Debug|Any CPU.ActiveCfg = Debug|Any CPU
		{125BD9C7-952B-2673-B552-45CFCFAE0D0C}.Debug|Any CPU.Build.0 = Debug|Any CPU
		{125BD9C7-952B-2673-B552-45CFCFAE0D0C}.Release|Any CPU.ActiveCfg = Release|Any CPU
		{125BD9C7-952B-2673-B552-45CFCFAE0D0C}.Release|Any CPU.Build.0 = Release|Any CPU
		{33952D75-BEA6-C2B4-A54C-45B6F0E92BF3}.Debug|Any CPU.ActiveCfg = Debug|Any CPU
		{33952D75-BEA6-C2B4-A54C-45B6F0E92BF3}.Debug|Any CPU.Build.0 = Debug|Any CPU
		{33952D75-BEA6-C2B4-A54C-45B6F0E92BF3}.Release|Any CPU.ActiveCfg = Release|Any CPU
		{33952D75-BEA6-C2B4-A54C-45B6F0E92BF3}.Release|Any CPU.Build.0 = Release|Any CPU
	EndGlobalSection
	GlobalSection(SolutionProperties) = preSolution
		HideSolutionNode = FALSE
	EndGlobalSection
EndGlobal
